{
  "requires": true,
  "lockfileVersion": 1,
  "dependencies": {
    "typed-usa-states": {
      "version": "2.0.1",
      "resolved": "https://registry.npmjs.org/typed-usa-states/-/typed-usa-states-2.0.1.tgz",
      "integrity": "sha512-o8B+8jtFktkU3alVKfFMRo3S4aERaG88fkz8coj5L/JC58O341Um9T3vfrLvQfJ9fyCIP654PnojB7mXz+sz1g=="
    }
  }
}
